
Microsoft Visual Studio Solution File, Format Version 12.00
# Visual Studio 15
VisualStudioVersion = 15.0.27004.2010
MinimumVisualStudioVersion = 10.0.40219.1
Project("{FAE04EC0-301F-11D3-BF4B-00C04F79EFBC}") = "AskMonaSharp", "AskMonaSharp\AskMonaSharp.csproj", "{5F2D64E7-D266-41FB-9DA6-896C0ECB790C}"
EndProject
Global
	GlobalSection(SolutionConfigurationPlatforms) = preSolution
		Debug|Any CPU = Debug|Any CPU
		Release|Any CPU = Release|Any CPU
	EndGlobalSection
	GlobalSection(ProjectConfigurationPlatforms) = postSolution
		{5F2D64E7-D266-41FB-9DA6-896C0ECB790C}.Debug|Any CPU.ActiveCfg = Debug|Any CPU
		{5F2D64E7-D266-41FB-9DA6-896C0ECB790C}.Debug|Any CPU.Build.0 = Debug|Any CPU
		{5F2D64E7-D266-41FB-9DA6-896C0ECB790C}.Release|Any CPU.ActiveCfg = Release|Any CPU
		{5F2D64E7-D266-41FB-9DA6-896C0ECB790C}.Release|Any CPU.Build.0 = Release|Any CPU
	EndGlobalSection
	GlobalSection(SolutionProperties) = preSolution
		HideSolutionNode = FALSE
	EndGlobalSection
	GlobalSection(ExtensibilityGlobals) = postSolution
		SolutionGuid = {876D2138-BF2A-4CC2-B08F-3CBFF6724F1B}
	EndGlobalSection
EndGlobal
